
Microsoft Visual Studio Solution File, Format Version 12.00
Project("{FAE04EC0-301F-11D3-BF4B-00C04F79EFBC}") = "BecomeWoW", "BecomeWoW\BecomeWoW\BecomeWoW.csproj", "{D3C885A3-05A1-49AF-BA44-C3377198ADF1}"
EndProject
Project("{FAE04EC0-301F-11D3-BF4B-00C04F79EFBC}") = "ThrottlingNaive", "ThrottlingNaive\ThrottlingNaive.csproj", "{4A655058-0EAD-4F35-8435-14F5CA40CCFF}"
EndProject
Project("{FAE04EC0-301F-11D3-BF4B-00C04F79EFBC}") = "Throttling", "Throttling\Throttling.csproj", "{49614331-33B4-437F-BD0B-B4E143EAC7CB}"
EndProject
Project("{FAE04EC0-301F-11D3-BF4B-00C04F79EFBC}") = "Router", "Router\Router.csproj", "{6BCCBF9C-0FCF-4E1B-A394-89929DCD0D06}"
EndProject
Project("{FAE04EC0-301F-11D3-BF4B-00C04F79EFBC}") = "Middleware", "Middleware\Middleware.csproj", "{4BD1E213-0D3C-44E0-A12C-117C7778FA66}"
EndProject
Project("{FAE04EC0-301F-11D3-BF4B-00C04F79EFBC}") = "LimitConcurrency", "LimitConcurrency\LimitConcurrency.csproj", "{C6815A95-F225-4FBB-BA75-C6FFBDACCB8D}"
EndProject
Project("{FAE04EC0-301F-11D3-BF4B-00C04F79EFBC}") = "FanOutQuickestReply", "FanOutQuickestReply\FanOutQuickestReply.csproj", "{267AE0BF-450C-44D4-BB8C-A1264514919C}"
EndProject
Project("{FAE04EC0-301F-11D3-BF4B-00C04F79EFBC}") = "Messages", "Persistence\Messages\Messages.csproj", "{AB35FD46-C783-4A85-BF37-ACA036F4341B}"
EndProject
Project("{FAE04EC0-301F-11D3-BF4B-00C04F79EFBC}") = "Persistence", "Persistence\Persistence\Persistence.csproj", "{D56FF16C-9AC7-42B1-A294-49D2EA765024}"
EndProject
Project("{2150E333-8FDC-42A3-9474-1A3956D46DE8}") = "Persistence", "Persistence", "{9BB5AF45-E745-495A-910C-C950E7EEEA7F}"
EndProject
Project("{2150E333-8FDC-42A3-9474-1A3956D46DE8}") = "Chat", "Chat", "{564D0436-025F-4323-A329-D8CA0C545BE9}"
EndProject
Project("{FAE04EC0-301F-11D3-BF4B-00C04F79EFBC}") = "Client", "Chat\Client\Client.csproj", "{898A9E26-9D5A-471A-920F-4D7DE2120027}"
EndProject
Project("{FAE04EC0-301F-11D3-BF4B-00C04F79EFBC}") = "Server", "Chat\Server\Server.csproj", "{C62FE5E8-EE4D-48FD-9D52-D49457DBE0CB}"
EndProject
Project("{FAE04EC0-301F-11D3-BF4B-00C04F79EFBC}") = "Chat.Messages", "Chat\Messages\Chat.Messages.csproj", "{78CE822D-818C-41DC-90F8-48C0F9413FDA}"
EndProject
Project("{FAE04EC0-301F-11D3-BF4B-00C04F79EFBC}") = "Futures", "Futures\Futures.csproj", "{32BFBA07-4BD8-4BEE-8560-97D36EC515DF}"
EndProject
Project("{FAE04EC0-301F-11D3-BF4B-00C04F79EFBC}") = "Supervision", "Supervision\Supervision.csproj", "{B9A94E52-D231-4BC6-9693-D19C6E068063}"
EndProject
Project("{FAE04EC0-301F-11D3-BF4B-00C04F79EFBC}") = "HelloWorld", "HelloWorld\HelloWorld\HelloWorld.csproj", "{A1D87CFF-0029-45E1-81B2-BE059FC84902}"
EndProject
Project("{FAE04EC0-301F-11D3-BF4B-00C04F79EFBC}") = "DependencyInjection", "DependencyInjection\DependencyInjection.csproj", "{8CBFECD4-016B-446B-B3C1-0489552870A3}"
EndProject
Project("{FAE04EC0-301F-11D3-BF4B-00C04F79EFBC}") = "Messages", "ClusterGrainHelloWorld\Messages\Messages.csproj", "{14D6366A-1A01-40BF-8672-C4CCCC95E4D2}"
EndProject
Project("{2150E333-8FDC-42A3-9474-1A3956D46DE8}") = "Cluster", "Cluster", "{97BA2604-F206-4A5C-BBE8-62CBAD25DDF7}"
EndProject
Project("{FAE04EC0-301F-11D3-BF4B-00C04F79EFBC}") = "Node1", "ClusterGrainHelloWorld\Node1\Node1.csproj", "{AE5E1DA7-656A-44EC-BF1E-EC66173C4487}"
EndProject
Project("{FAE04EC0-301F-11D3-BF4B-00C04F79EFBC}") = "Node2", "ClusterGrainHelloWorld\Node2\Node2.csproj", "{44B39B77-2C51-42BA-8944-36E089068D1C}"
EndProject
Project("{2150E333-8FDC-42A3-9474-1A3956D46DE8}") = ".meta", ".meta", "{BDDDD805-E1C8-4CE4-AD92-245DA2CDA9F8}"
	ProjectSection(SolutionItems) = preProject
		docker-compose.yml = docker-compose.yml
	EndProjectSection
EndProject
Global
	GlobalSection(SolutionConfigurationPlatforms) = preSolution
		Debug|Any CPU = Debug|Any CPU
		Release|Any CPU = Release|Any CPU
	EndGlobalSection
	GlobalSection(ProjectConfigurationPlatforms) = postSolution
		{D3C885A3-05A1-49AF-BA44-C3377198ADF1}.Debug|Any CPU.ActiveCfg = Debug|Any CPU
		{D3C885A3-05A1-49AF-BA44-C3377198ADF1}.Debug|Any CPU.Build.0 = Debug|Any CPU
		{D3C885A3-05A1-49AF-BA44-C3377198ADF1}.Release|Any CPU.ActiveCfg = Release|Any CPU
		{D3C885A3-05A1-49AF-BA44-C3377198ADF1}.Release|Any CPU.Build.0 = Release|Any CPU
		{4A655058-0EAD-4F35-8435-14F5CA40CCFF}.Debug|Any CPU.ActiveCfg = Debug|Any CPU
		{4A655058-0EAD-4F35-8435-14F5CA40CCFF}.Debug|Any CPU.Build.0 = Debug|Any CPU
		{4A655058-0EAD-4F35-8435-14F5CA40CCFF}.Release|Any CPU.ActiveCfg = Release|Any CPU
		{4A655058-0EAD-4F35-8435-14F5CA40CCFF}.Release|Any CPU.Build.0 = Release|Any CPU
		{49614331-33B4-437F-BD0B-B4E143EAC7CB}.Debug|Any CPU.ActiveCfg = Debug|Any CPU
		{49614331-33B4-437F-BD0B-B4E143EAC7CB}.Debug|Any CPU.Build.0 = Debug|Any CPU
		{49614331-33B4-437F-BD0B-B4E143EAC7CB}.Release|Any CPU.ActiveCfg = Release|Any CPU
		{49614331-33B4-437F-BD0B-B4E143EAC7CB}.Release|Any CPU.Build.0 = Release|Any CPU
		{6BCCBF9C-0FCF-4E1B-A394-89929DCD0D06}.Debug|Any CPU.ActiveCfg = Debug|Any CPU
		{6BCCBF9C-0FCF-4E1B-A394-89929DCD0D06}.Debug|Any CPU.Build.0 = Debug|Any CPU
		{6BCCBF9C-0FCF-4E1B-A394-89929DCD0D06}.Release|Any CPU.ActiveCfg = Release|Any CPU
		{6BCCBF9C-0FCF-4E1B-A394-89929DCD0D06}.Release|Any CPU.Build.0 = Release|Any CPU
		{4BD1E213-0D3C-44E0-A12C-117C7778FA66}.Debug|Any CPU.ActiveCfg = Debug|Any CPU
		{4BD1E213-0D3C-44E0-A12C-117C7778FA66}.Debug|Any CPU.Build.0 = Debug|Any CPU
		{4BD1E213-0D3C-44E0-A12C-117C7778FA66}.Release|Any CPU.ActiveCfg = Release|Any CPU
		{4BD1E213-0D3C-44E0-A12C-117C7778FA66}.Release|Any CPU.Build.0 = Release|Any CPU
		{C6815A95-F225-4FBB-BA75-C6FFBDACCB8D}.Debug|Any CPU.ActiveCfg = Debug|Any CPU
		{C6815A95-F225-4FBB-BA75-C6FFBDACCB8D}.Debug|Any CPU.Build.0 = Debug|Any CPU
		{C6815A95-F225-4FBB-BA75-C6FFBDACCB8D}.Release|Any CPU.ActiveCfg = Release|Any CPU
		{C6815A95-F225-4FBB-BA75-C6FFBDACCB8D}.Release|Any CPU.Build.0 = Release|Any CPU
		{267AE0BF-450C-44D4-BB8C-A1264514919C}.Debug|Any CPU.ActiveCfg = Debug|Any CPU
		{267AE0BF-450C-44D4-BB8C-A1264514919C}.Debug|Any CPU.Build.0 = Debug|Any CPU
		{267AE0BF-450C-44D4-BB8C-A1264514919C}.Release|Any CPU.ActiveCfg = Release|Any CPU
		{267AE0BF-450C-44D4-BB8C-A1264514919C}.Release|Any CPU.Build.0 = Release|Any CPU
		{AB35FD46-C783-4A85-BF37-ACA036F4341B}.Debug|Any CPU.ActiveCfg = Debug|Any CPU
		{AB35FD46-C783-4A85-BF37-ACA036F4341B}.Debug|Any CPU.Build.0 = Debug|Any CPU
		{AB35FD46-C783-4A85-BF37-ACA036F4341B}.Release|Any CPU.ActiveCfg = Release|Any CPU
		{AB35FD46-C783-4A85-BF37-ACA036F4341B}.Release|Any CPU.Build.0 = Release|Any CPU
		{D56FF16C-9AC7-42B1-A294-49D2EA765024}.Debug|Any CPU.ActiveCfg = Debug|Any CPU
		{D56FF16C-9AC7-42B1-A294-49D2EA765024}.Debug|Any CPU.Build.0 = Debug|Any CPU
		{D56FF16C-9AC7-42B1-A294-49D2EA765024}.Release|Any CPU.ActiveCfg = Release|Any CPU
		{D56FF16C-9AC7-42B1-A294-49D2EA765024}.Release|Any CPU.Build.0 = Release|Any CPU
		{898A9E26-9D5A-471A-920F-4D7DE2120027}.Debug|Any CPU.ActiveCfg = Debug|Any CPU
		{898A9E26-9D5A-471A-920F-4D7DE2120027}.Debug|Any CPU.Build.0 = Debug|Any CPU
		{898A9E26-9D5A-471A-920F-4D7DE2120027}.Release|Any CPU.ActiveCfg = Release|Any CPU
		{898A9E26-9D5A-471A-920F-4D7DE2120027}.Release|Any CPU.Build.0 = Release|Any CPU
		{C62FE5E8-EE4D-48FD-9D52-D49457DBE0CB}.Debug|Any CPU.ActiveCfg = Debug|Any CPU
		{C62FE5E8-EE4D-48FD-9D52-D49457DBE0CB}.Debug|Any CPU.Build.0 = Debug|Any CPU
		{C62FE5E8-EE4D-48FD-9D52-D49457DBE0CB}.Release|Any CPU.ActiveCfg = Release|Any CPU
		{C62FE5E8-EE4D-48FD-9D52-D49457DBE0CB}.Release|Any CPU.Build.0 = Release|Any CPU
		{78CE822D-818C-41DC-90F8-48C0F9413FDA}.Debug|Any CPU.ActiveCfg = Debug|Any CPU
		{78CE822D-818C-41DC-90F8-48C0F9413FDA}.Debug|Any CPU.Build.0 = Debug|Any CPU
		{78CE822D-818C-41DC-90F8-48C0F9413FDA}.Release|Any CPU.ActiveCfg = Release|Any CPU
		{78CE822D-818C-41DC-90F8-48C0F9413FDA}.Release|Any CPU.Build.0 = Release|Any CPU
		{32BFBA07-4BD8-4BEE-8560-97D36EC515DF}.Debug|Any CPU.ActiveCfg = Debug|Any CPU
		{32BFBA07-4BD8-4BEE-8560-97D36EC515DF}.Debug|Any CPU.Build.0 = Debug|Any CPU
		{32BFBA07-4BD8-4BEE-8560-97D36EC515DF}.Release|Any CPU.ActiveCfg = Release|Any CPU
		{32BFBA07-4BD8-4BEE-8560-97D36EC515DF}.Release|Any CPU.Build.0 = Release|Any CPU
		{B9A94E52-D231-4BC6-9693-D19C6E068063}.Debug|Any CPU.ActiveCfg = Debug|Any CPU
		{B9A94E52-D231-4BC6-9693-D19C6E068063}.Debug|Any CPU.Build.0 = Debug|Any CPU
		{B9A94E52-D231-4BC6-9693-D19C6E068063}.Release|Any CPU.ActiveCfg = Release|Any CPU
		{B9A94E52-D231-4BC6-9693-D19C6E068063}.Release|Any CPU.Build.0 = Release|Any CPU
		{A1D87CFF-0029-45E1-81B2-BE059FC84902}.Debug|Any CPU.ActiveCfg = Debug|Any CPU
		{A1D87CFF-0029-45E1-81B2-BE059FC84902}.Debug|Any CPU.Build.0 = Debug|Any CPU
		{A1D87CFF-0029-45E1-81B2-BE059FC84902}.Release|Any CPU.ActiveCfg = Release|Any CPU
		{A1D87CFF-0029-45E1-81B2-BE059FC84902}.Release|Any CPU.Build.0 = Release|Any CPU
		{8CBFECD4-016B-446B-B3C1-0489552870A3}.Debug|Any CPU.ActiveCfg = Debug|Any CPU
		{8CBFECD4-016B-446B-B3C1-0489552870A3}.Debug|Any CPU.Build.0 = Debug|Any CPU
		{8CBFECD4-016B-446B-B3C1-0489552870A3}.Release|Any CPU.ActiveCfg = Release|Any CPU
		{8CBFECD4-016B-446B-B3C1-0489552870A3}.Release|Any CPU.Build.0 = Release|Any CPU
		{14D6366A-1A01-40BF-8672-C4CCCC95E4D2}.Debug|Any CPU.ActiveCfg = Debug|Any CPU
		{14D6366A-1A01-40BF-8672-C4CCCC95E4D2}.Debug|Any CPU.Build.0 = Debug|Any CPU
		{14D6366A-1A01-40BF-8672-C4CCCC95E4D2}.Release|Any CPU.ActiveCfg = Release|Any CPU
		{14D6366A-1A01-40BF-8672-C4CCCC95E4D2}.Release|Any CPU.Build.0 = Release|Any CPU
		{AE5E1DA7-656A-44EC-BF1E-EC66173C4487}.Debug|Any CPU.ActiveCfg = Debug|Any CPU
		{AE5E1DA7-656A-44EC-BF1E-EC66173C4487}.Debug|Any CPU.Build.0 = Debug|Any CPU
		{AE5E1DA7-656A-44EC-BF1E-EC66173C4487}.Release|Any CPU.ActiveCfg = Release|Any CPU
		{AE5E1DA7-656A-44EC-BF1E-EC66173C4487}.Release|Any CPU.Build.0 = Release|Any CPU
		{44B39B77-2C51-42BA-8944-36E089068D1C}.Debug|Any CPU.ActiveCfg = Debug|Any CPU
		{44B39B77-2C51-42BA-8944-36E089068D1C}.Debug|Any CPU.Build.0 = Debug|Any CPU
		{44B39B77-2C51-42BA-8944-36E089068D1C}.Release|Any CPU.ActiveCfg = Release|Any CPU
		{44B39B77-2C51-42BA-8944-36E089068D1C}.Release|Any CPU.Build.0 = Release|Any CPU
	EndGlobalSection
	GlobalSection(NestedProjects) = preSolution
		{AB35FD46-C783-4A85-BF37-ACA036F4341B} = {9BB5AF45-E745-495A-910C-C950E7EEEA7F}
		{D56FF16C-9AC7-42B1-A294-49D2EA765024} = {9BB5AF45-E745-495A-910C-C950E7EEEA7F}
		{898A9E26-9D5A-471A-920F-4D7DE2120027} = {564D0436-025F-4323-A329-D8CA0C545BE9}
		{C62FE5E8-EE4D-48FD-9D52-D49457DBE0CB} = {564D0436-025F-4323-A329-D8CA0C545BE9}
		{78CE822D-818C-41DC-90F8-48C0F9413FDA} = {564D0436-025F-4323-A329-D8CA0C545BE9}
		{14D6366A-1A01-40BF-8672-C4CCCC95E4D2} = {97BA2604-F206-4A5C-BBE8-62CBAD25DDF7}
		{AE5E1DA7-656A-44EC-BF1E-EC66173C4487} = {97BA2604-F206-4A5C-BBE8-62CBAD25DDF7}
		{44B39B77-2C51-42BA-8944-36E089068D1C} = {97BA2604-F206-4A5C-BBE8-62CBAD25DDF7}
	EndGlobalSection
EndGlobal
